
Microsoft Visual Studio Solution File, Format Version 12.00
# Visual Studio Version 16
VisualStudioVersion = 16.0.31129.286
MinimumVisualStudioVersion = 10.0.40219.1
Project("{FAE04EC0-301F-11D3-BF4B-00C04F79EFBC}") = "TH03", "TH03\TH03.csproj", "{E50818DD-D085-49DF-8940-64F04022986A}"
EndProject
Global
	GlobalSection(SolutionConfigurationPlatforms) = preSolution
		Debug|Any CPU = Debug|Any CPU
		Release|Any CPU = Release|Any CPU
	EndGlobalSection
	GlobalSection(ProjectConfigurationPlatforms) = postSolution
		{E50818DD-D085-49DF-8940-64F04022986A}.Debug|Any CPU.ActiveCfg = Debug|Any CPU
		{E50818DD-D085-49DF-8940-64F04022986A}.Debug|Any CPU.Build.0 = Debug|Any CPU
		{E50818DD-D085-49DF-8940-64F04022986A}.Release|Any CPU.ActiveCfg = Release|Any CPU
		{E50818DD-D085-49DF-8940-64F04022986A}.Release|Any CPU.Build.0 = Release|Any CPU
	EndGlobalSection
	GlobalSection(SolutionProperties) = preSolution
		HideSolutionNode = FALSE
	EndGlobalSection
	GlobalSection(ExtensibilityGlobals) = postSolution
		SolutionGuid = {C6F6A74D-4ECB-447A-94A0-99C3A82228CA}
	EndGlobalSection
EndGlobal
