
Microsoft Visual Studio Solution File, Format Version 12.00
# Visual Studio Version 16
VisualStudioVersion = 16.0.31205.134
MinimumVisualStudioVersion = 10.0.40219.1
Project("{FAE04EC0-301F-11D3-BF4B-00C04F79EFBC}") = "TH05", "TH05\TH05.csproj", "{DF3D4A73-5DFC-4BA1-8776-D97FA3C8C601}"
EndProject
Global
	GlobalSection(SolutionConfigurationPlatforms) = preSolution
		Debug|Any CPU = Debug|Any CPU
		Release|Any CPU = Release|Any CPU
	EndGlobalSection
	GlobalSection(ProjectConfigurationPlatforms) = postSolution
		{DF3D4A73-5DFC-4BA1-8776-D97FA3C8C601}.Debug|Any CPU.ActiveCfg = Debug|Any CPU
		{DF3D4A73-5DFC-4BA1-8776-D97FA3C8C601}.Debug|Any CPU.Build.0 = Debug|Any CPU
		{DF3D4A73-5DFC-4BA1-8776-D97FA3C8C601}.Release|Any CPU.ActiveCfg = Release|Any CPU
		{DF3D4A73-5DFC-4BA1-8776-D97FA3C8C601}.Release|Any CPU.Build.0 = Release|Any CPU
	EndGlobalSection
	GlobalSection(SolutionProperties) = preSolution
		HideSolutionNode = FALSE
	EndGlobalSection
	GlobalSection(ExtensibilityGlobals) = postSolution
		SolutionGuid = {A012055F-CC93-4878-AE0E-7B4E418EA1F6}
	EndGlobalSection
EndGlobal
